
Microsoft Visual Studio Solution File, Format Version 12.00
# Visual Studio 15
VisualStudioVersion = 15.0.28010.2036
MinimumVisualStudioVersion = 10.0.40219.1
Project("{9A19103F-16F7-4668-BE54-9A1E7A4F7556}") = "MicroServices.Animal.Api", "Animal.Api\MicroServices.Animal.Api.csproj", "{449E4845-F7B8-4FF0-8E49-A4CEA6A5B060}"
EndProject
Global
	GlobalSection(SolutionConfigurationPlatforms) = preSolution
		Debug|Any CPU = Debug|Any CPU
		Release|Any CPU = Release|Any CPU
	EndGlobalSection
	GlobalSection(ProjectConfigurationPlatforms) = postSolution
		{449E4845-F7B8-4FF0-8E49-A4CEA6A5B060}.Debug|Any CPU.ActiveCfg = Debug|Any CPU
		{449E4845-F7B8-4FF0-8E49-A4CEA6A5B060}.Debug|Any CPU.Build.0 = Debug|Any CPU
		{449E4845-F7B8-4FF0-8E49-A4CEA6A5B060}.Release|Any CPU.ActiveCfg = Release|Any CPU
		{449E4845-F7B8-4FF0-8E49-A4CEA6A5B060}.Release|Any CPU.Build.0 = Release|Any CPU
	EndGlobalSection
	GlobalSection(SolutionProperties) = preSolution
		HideSolutionNode = FALSE
	EndGlobalSection
	GlobalSection(ExtensibilityGlobals) = postSolution
		SolutionGuid = {0097BA4F-A4A1-4B44-94D8-E3AC528065A3}
	EndGlobalSection
EndGlobal
